
Microsoft Visual Studio Solution File, Format Version 12.00
# Visual Studio Version 16
VisualStudioVersion = 16.0.30011.22
MinimumVisualStudioVersion = 10.0.40219.1
Project("{FAE04EC0-301F-11D3-BF4B-00C04F79EFBC}") = "Bundle", "Bundle\Bundle.csproj", "{CE1B5978-C38F-4DAA-B029-66CC7C7DF32E}"
EndProject
Global
	GlobalSection(SolutionConfigurationPlatforms) = preSolution
		Debug|Any CPU = Debug|Any CPU
		Release|Any CPU = Release|Any CPU
	EndGlobalSection
	GlobalSection(ProjectConfigurationPlatforms) = postSolution
		{CE1B5978-C38F-4DAA-B029-66CC7C7DF32E}.Debug|Any CPU.ActiveCfg = Debug|Any CPU
		{CE1B5978-C38F-4DAA-B029-66CC7C7DF32E}.Debug|Any CPU.Build.0 = Debug|Any CPU
		{CE1B5978-C38F-4DAA-B029-66CC7C7DF32E}.Release|Any CPU.ActiveCfg = Release|Any CPU
		{CE1B5978-C38F-4DAA-B029-66CC7C7DF32E}.Release|Any CPU.Build.0 = Release|Any CPU
	EndGlobalSection
	GlobalSection(SolutionProperties) = preSolution
		HideSolutionNode = FALSE
	EndGlobalSection
	GlobalSection(ExtensibilityGlobals) = postSolution
		SolutionGuid = {04EB1F74-6D69-4EE2-9DA3-7240E8BB21CA}
	EndGlobalSection
EndGlobal
