
Microsoft Visual Studio Solution File, Format Version 12.00
# Visual Studio Version 16
VisualStudioVersion = 16.0.30011.22
MinimumVisualStudioVersion = 10.0.40219.1
Project("{FAE04EC0-301F-11D3-BF4B-00C04F79EFBC}") = "Rotas", "Rotas\Rotas.csproj", "{0E7D2EF8-D84D-447B-BD0E-8F3D94948A55}"
EndProject
Global
	GlobalSection(SolutionConfigurationPlatforms) = preSolution
		Debug|Any CPU = Debug|Any CPU
		Release|Any CPU = Release|Any CPU
	EndGlobalSection
	GlobalSection(ProjectConfigurationPlatforms) = postSolution
		{0E7D2EF8-D84D-447B-BD0E-8F3D94948A55}.Debug|Any CPU.ActiveCfg = Debug|Any CPU
		{0E7D2EF8-D84D-447B-BD0E-8F3D94948A55}.Debug|Any CPU.Build.0 = Debug|Any CPU
		{0E7D2EF8-D84D-447B-BD0E-8F3D94948A55}.Release|Any CPU.ActiveCfg = Release|Any CPU
		{0E7D2EF8-D84D-447B-BD0E-8F3D94948A55}.Release|Any CPU.Build.0 = Release|Any CPU
	EndGlobalSection
	GlobalSection(SolutionProperties) = preSolution
		HideSolutionNode = FALSE
	EndGlobalSection
	GlobalSection(ExtensibilityGlobals) = postSolution
		SolutionGuid = {6C3D84C3-8957-4840-A527-441904DF0398}
	EndGlobalSection
EndGlobal
